
Microsoft Visual Studio Solution File, Format Version 12.00
# Visual Studio Version 17
VisualStudioVersion = 17.10.35122.118
MinimumVisualStudioVersion = 10.0.40219.1
Project("{FAE04EC0-301F-11D3-BF4B-00C04F79EFBC}") = "amara", "amara.csproj", "{633A62E2-4D2B-4D31-9992-50FC213B81BE}"
EndProject
Global
	GlobalSection(SolutionConfigurationPlatforms) = preSolution
		Debug|Any CPU = Debug|Any CPU
		Release|Any CPU = Release|Any CPU
	EndGlobalSection
	GlobalSection(ProjectConfigurationPlatforms) = postSolution
		{633A62E2-4D2B-4D31-9992-50FC213B81BE}.Debug|Any CPU.ActiveCfg = Debug|Any CPU
		{633A62E2-4D2B-4D31-9992-50FC213B81BE}.Debug|Any CPU.Build.0 = Debug|Any CPU
		{633A62E2-4D2B-4D31-9992-50FC213B81BE}.Release|Any CPU.ActiveCfg = Release|Any CPU
		{633A62E2-4D2B-4D31-9992-50FC213B81BE}.Release|Any CPU.Build.0 = Release|Any CPU
	EndGlobalSection
	GlobalSection(SolutionProperties) = preSolution
		HideSolutionNode = FALSE
	EndGlobalSection
	GlobalSection(ExtensibilityGlobals) = postSolution
		SolutionGuid = {CC05A8FF-DE8E-4205-B189-113DACE84BF7}
	EndGlobalSection
EndGlobal
